
Microsoft Visual Studio Solution File, Format Version 12.00
# Visual Studio Version 16
VisualStudioVersion = 16.0.30523.141
MinimumVisualStudioVersion = 10.0.40219.1
Project("{FAE04EC0-301F-11D3-BF4B-00C04F79EFBC}") = "NetD_lab5_Salon", "NetD_lab5_Salon\NetD_lab5_Salon.csproj", "{11A315C9-6F9D-4DA4-9302-32E44EE49FA8}"
EndProject
Global
	GlobalSection(SolutionConfigurationPlatforms) = preSolution
		Debug|Any CPU = Debug|Any CPU
		Release|Any CPU = Release|Any CPU
	EndGlobalSection
	GlobalSection(ProjectConfigurationPlatforms) = postSolution
		{11A315C9-6F9D-4DA4-9302-32E44EE49FA8}.Debug|Any CPU.ActiveCfg = Debug|Any CPU
		{11A315C9-6F9D-4DA4-9302-32E44EE49FA8}.Debug|Any CPU.Build.0 = Debug|Any CPU
		{11A315C9-6F9D-4DA4-9302-32E44EE49FA8}.Release|Any CPU.ActiveCfg = Release|Any CPU
		{11A315C9-6F9D-4DA4-9302-32E44EE49FA8}.Release|Any CPU.Build.0 = Release|Any CPU
	EndGlobalSection
	GlobalSection(SolutionProperties) = preSolution
		HideSolutionNode = FALSE
	EndGlobalSection
	GlobalSection(ExtensibilityGlobals) = postSolution
		SolutionGuid = {6838F2A6-4764-4CAE-B4FB-A86812AA3DCE}
	EndGlobalSection
EndGlobal
